
Microsoft Visual Studio Solution File, Format Version 12.00
# Visual Studio Version 17
VisualStudioVersion = 17.0.31423.177
MinimumVisualStudioVersion = 10.0.40219.1
Project("{9A19103F-16F7-4668-BE54-9A1E7A4F7556}") = "Api", "Api\Api.csproj", "{A29F8C78-0463-4502-84F0-B0307822BED1}"
EndProject
Project("{9A19103F-16F7-4668-BE54-9A1E7A4F7556}") = "Data", "Data\Data.csproj", "{0EFFD4FC-4AD9-4B07-9347-AFC0066EA0A6}"
EndProject
Project("{9A19103F-16F7-4668-BE54-9A1E7A4F7556}") = "Entities", "Entities\Entities.csproj", "{BB0D8CEE-C8DE-4F1E-8760-56CDE51CE032}"
EndProject
Project("{9A19103F-16F7-4668-BE54-9A1E7A4F7556}") = "Business", "Business\Business.csproj", "{A11496CC-46AC-4F4D-AE7B-2EC04D43DE5F}"
EndProject
Project("{FAE04EC0-301F-11D3-BF4B-00C04F79EFBC}") = "Business.Tests", "Business.Tests\Business.Tests.csproj", "{F469D4F1-6E42-47DD-9D73-183EB5BABE01}"
EndProject
Global
	GlobalSection(SolutionConfigurationPlatforms) = preSolution
		Debug|Any CPU = Debug|Any CPU
		Debug|x64 = Debug|x64
		Debug|x86 = Debug|x86
		Release|Any CPU = Release|Any CPU
		Release|x64 = Release|x64
		Release|x86 = Release|x86
	EndGlobalSection
	GlobalSection(ProjectConfigurationPlatforms) = postSolution
		{A29F8C78-0463-4502-84F0-B0307822BED1}.Debug|Any CPU.ActiveCfg = Debug|Any CPU
		{A29F8C78-0463-4502-84F0-B0307822BED1}.Debug|Any CPU.Build.0 = Debug|Any CPU
		{A29F8C78-0463-4502-84F0-B0307822BED1}.Debug|x64.ActiveCfg = Debug|Any CPU
		{A29F8C78-0463-4502-84F0-B0307822BED1}.Debug|x64.Build.0 = Debug|Any CPU
		{A29F8C78-0463-4502-84F0-B0307822BED1}.Debug|x86.ActiveCfg = Debug|Any CPU
		{A29F8C78-0463-4502-84F0-B0307822BED1}.Debug|x86.Build.0 = Debug|Any CPU
		{A29F8C78-0463-4502-84F0-B0307822BED1}.Release|Any CPU.ActiveCfg = Release|Any CPU
		{A29F8C78-0463-4502-84F0-B0307822BED1}.Release|Any CPU.Build.0 = Release|Any CPU
		{A29F8C78-0463-4502-84F0-B0307822BED1}.Release|x64.ActiveCfg = Release|Any CPU
		{A29F8C78-0463-4502-84F0-B0307822BED1}.Release|x64.Build.0 = Release|Any CPU
		{A29F8C78-0463-4502-84F0-B0307822BED1}.Release|x86.ActiveCfg = Release|Any CPU
		{A29F8C78-0463-4502-84F0-B0307822BED1}.Release|x86.Build.0 = Release|Any CPU
		{0EFFD4FC-4AD9-4B07-9347-AFC0066EA0A6}.Debug|Any CPU.ActiveCfg = Debug|Any CPU
		{0EFFD4FC-4AD9-4B07-9347-AFC0066EA0A6}.Debug|Any CPU.Build.0 = Debug|Any CPU
		{0EFFD4FC-4AD9-4B07-9347-AFC0066EA0A6}.Debug|x64.ActiveCfg = Debug|Any CPU
		{0EFFD4FC-4AD9-4B07-9347-AFC0066EA0A6}.Debug|x64.Build.0 = Debug|Any CPU
		{0EFFD4FC-4AD9-4B07-9347-AFC0066EA0A6}.Debug|x86.ActiveCfg = Debug|Any CPU
		{0EFFD4FC-4AD9-4B07-9347-AFC0066EA0A6}.Debug|x86.Build.0 = Debug|Any CPU
		{0EFFD4FC-4AD9-4B07-9347-AFC0066EA0A6}.Release|Any CPU.ActiveCfg = Release|Any CPU
		{0EFFD4FC-4AD9-4B07-9347-AFC0066EA0A6}.Release|Any CPU.Build.0 = Release|Any CPU
		{0EFFD4FC-4AD9-4B07-9347-AFC0066EA0A6}.Release|x64.ActiveCfg = Release|Any CPU
		{0EFFD4FC-4AD9-4B07-9347-AFC0066EA0A6}.Release|x64.Build.0 = Release|Any CPU
		{0EFFD4FC-4AD9-4B07-9347-AFC0066EA0A6}.Release|x86.ActiveCfg = Release|Any CPU
		{0EFFD4FC-4AD9-4B07-9347-AFC0066EA0A6}.Release|x86.Build.0 = Release|Any CPU
		{BB0D8CEE-C8DE-4F1E-8760-56CDE51CE032}.Debug|Any CPU.ActiveCfg = Debug|Any CPU
		{BB0D8CEE-C8DE-4F1E-8760-56CDE51CE032}.Debug|Any CPU.Build.0 = Debug|Any CPU
		{BB0D8CEE-C8DE-4F1E-8760-56CDE51CE032}.Debug|x64.ActiveCfg = Debug|Any CPU
		{BB0D8CEE-C8DE-4F1E-8760-56CDE51CE032}.Debug|x64.Build.0 = Debug|Any CPU
		{BB0D8CEE-C8DE-4F1E-8760-56CDE51CE032}.Debug|x86.ActiveCfg = Debug|Any CPU
		{BB0D8CEE-C8DE-4F1E-8760-56CDE51CE032}.Debug|x86.Build.0 = Debug|Any CPU
		{BB0D8CEE-C8DE-4F1E-8760-56CDE51CE032}.Release|Any CPU.ActiveCfg = Release|Any CPU
		{BB0D8CEE-C8DE-4F1E-8760-56CDE51CE032}.Release|Any CPU.Build.0 = Release|Any CPU
		{BB0D8CEE-C8DE-4F1E-8760-56CDE51CE032}.Release|x64.ActiveCfg = Release|Any CPU
		{BB0D8CEE-C8DE-4F1E-8760-56CDE51CE032}.Release|x64.Build.0 = Release|Any CPU
		{BB0D8CEE-C8DE-4F1E-8760-56CDE51CE032}.Release|x86.ActiveCfg = Release|Any CPU
		{BB0D8CEE-C8DE-4F1E-8760-56CDE51CE032}.Release|x86.Build.0 = Release|Any CPU
		{A11496CC-46AC-4F4D-AE7B-2EC04D43DE5F}.Debug|Any CPU.ActiveCfg = Debug|Any CPU
		{A11496CC-46AC-4F4D-AE7B-2EC04D43DE5F}.Debug|Any CPU.Build.0 = Debug|Any CPU
		{A11496CC-46AC-4F4D-AE7B-2EC04D43DE5F}.Debug|x64.ActiveCfg = Debug|Any CPU
		{A11496CC-46AC-4F4D-AE7B-2EC04D43DE5F}.Debug|x64.Build.0 = Debug|Any CPU
		{A11496CC-46AC-4F4D-AE7B-2EC04D43DE5F}.Debug|x86.ActiveCfg = Debug|Any CPU
		{A11496CC-46AC-4F4D-AE7B-2EC04D43DE5F}.Debug|x86.Build.0 = Debug|Any CPU
		{A11496CC-46AC-4F4D-AE7B-2EC04D43DE5F}.Release|Any CPU.ActiveCfg = Release|Any CPU
		{A11496CC-46AC-4F4D-AE7B-2EC04D43DE5F}.Release|Any CPU.Build.0 = Release|Any CPU
		{A11496CC-46AC-4F4D-AE7B-2EC04D43DE5F}.Release|x64.ActiveCfg = Release|Any CPU
		{A11496CC-46AC-4F4D-AE7B-2EC04D43DE5F}.Release|x64.Build.0 = Release|Any CPU
		{A11496CC-46AC-4F4D-AE7B-2EC04D43DE5F}.Release|x86.ActiveCfg = Release|Any CPU
		{A11496CC-46AC-4F4D-AE7B-2EC04D43DE5F}.Release|x86.Build.0 = Release|Any CPU
		{F469D4F1-6E42-47DD-9D73-183EB5BABE01}.Debug|Any CPU.ActiveCfg = Debug|Any CPU
		{F469D4F1-6E42-47DD-9D73-183EB5BABE01}.Debug|Any CPU.Build.0 = Debug|Any CPU
		{F469D4F1-6E42-47DD-9D73-183EB5BABE01}.Debug|x64.ActiveCfg = Debug|Any CPU
		{F469D4F1-6E42-47DD-9D73-183EB5BABE01}.Debug|x64.Build.0 = Debug|Any CPU
		{F469D4F1-6E42-47DD-9D73-183EB5BABE01}.Debug|x86.ActiveCfg = Debug|Any CPU
		{F469D4F1-6E42-47DD-9D73-183EB5BABE01}.Debug|x86.Build.0 = Debug|Any CPU
		{F469D4F1-6E42-47DD-9D73-183EB5BABE01}.Release|Any CPU.ActiveCfg = Release|Any CPU
		{F469D4F1-6E42-47DD-9D73-183EB5BABE01}.Release|Any CPU.Build.0 = Release|Any CPU
		{F469D4F1-6E42-47DD-9D73-183EB5BABE01}.Release|x64.ActiveCfg = Release|Any CPU
		{F469D4F1-6E42-47DD-9D73-183EB5BABE01}.Release|x64.Build.0 = Release|Any CPU
		{F469D4F1-6E42-47DD-9D73-183EB5BABE01}.Release|x86.ActiveCfg = Release|Any CPU
		{F469D4F1-6E42-47DD-9D73-183EB5BABE01}.Release|x86.Build.0 = Release|Any CPU
	EndGlobalSection
	GlobalSection(SolutionProperties) = preSolution
		HideSolutionNode = FALSE
	EndGlobalSection
	GlobalSection(ExtensibilityGlobals) = postSolution
		SolutionGuid = {DEE05BC3-AD30-4152-8331-495769630CFA}
	EndGlobalSection
EndGlobal
